
Microsoft Visual Studio Solution File, Format Version 12.00
# Visual Studio Version 16
VisualStudioVersion = 16.0.31019.35
MinimumVisualStudioVersion = 10.0.40219.1
Project("{FAE04EC0-301F-11D3-BF4B-00C04F79EFBC}") = "Zoo", "Zoo\Zoo.csproj", "{68572DB8-AEAA-4B89-9330-3A695FF9E39C}"
EndProject
Global
	GlobalSection(SolutionConfigurationPlatforms) = preSolution
		Debug|Any CPU = Debug|Any CPU
		Release|Any CPU = Release|Any CPU
	EndGlobalSection
	GlobalSection(ProjectConfigurationPlatforms) = postSolution
		{68572DB8-AEAA-4B89-9330-3A695FF9E39C}.Debug|Any CPU.ActiveCfg = Debug|Any CPU
		{68572DB8-AEAA-4B89-9330-3A695FF9E39C}.Debug|Any CPU.Build.0 = Debug|Any CPU
		{68572DB8-AEAA-4B89-9330-3A695FF9E39C}.Release|Any CPU.ActiveCfg = Release|Any CPU
		{68572DB8-AEAA-4B89-9330-3A695FF9E39C}.Release|Any CPU.Build.0 = Release|Any CPU
	EndGlobalSection
	GlobalSection(SolutionProperties) = preSolution
		HideSolutionNode = FALSE
	EndGlobalSection
	GlobalSection(ExtensibilityGlobals) = postSolution
		SolutionGuid = {3336B208-A571-425C-A67E-CEEC136B0420}
	EndGlobalSection
EndGlobal
