
Microsoft Visual Studio Solution File, Format Version 12.00
# Visual Studio Version 16
VisualStudioVersion = 16.0.30804.86
MinimumVisualStudioVersion = 10.0.40219.1
Project("{FAE04EC0-301F-11D3-BF4B-00C04F79EFBC}") = "TestApp", "TestApp.csproj", "{893298C4-E325-448A-BAB1-DA798C5987AA}"
EndProject
Global
	GlobalSection(SolutionConfigurationPlatforms) = preSolution
		Debug|Any CPU = Debug|Any CPU
		Release|Any CPU = Release|Any CPU
	EndGlobalSection
	GlobalSection(ProjectConfigurationPlatforms) = postSolution
		{893298C4-E325-448A-BAB1-DA798C5987AA}.Debug|Any CPU.ActiveCfg = Debug|Any CPU
		{893298C4-E325-448A-BAB1-DA798C5987AA}.Debug|Any CPU.Build.0 = Debug|Any CPU
		{893298C4-E325-448A-BAB1-DA798C5987AA}.Release|Any CPU.ActiveCfg = Release|Any CPU
		{893298C4-E325-448A-BAB1-DA798C5987AA}.Release|Any CPU.Build.0 = Release|Any CPU
	EndGlobalSection
	GlobalSection(SolutionProperties) = preSolution
		HideSolutionNode = FALSE
	EndGlobalSection
	GlobalSection(ExtensibilityGlobals) = postSolution
		SolutionGuid = {3D0C0811-CF3C-446C-A601-51847091FCD0}
	EndGlobalSection
EndGlobal
